
Microsoft Visual Studio Solution File, Format Version 12.00
# Visual Studio Version 16
VisualStudioVersion = 16.0.30804.86
MinimumVisualStudioVersion = 10.0.40219.1
Project("{FAE04EC0-301F-11D3-BF4B-00C04F79EFBC}") = "NoteTakeApp", "NoteTakeApp.csproj", "{17800F1F-8545-43B3-86BD-28D251D13FDA}"
EndProject
Global
	GlobalSection(SolutionConfigurationPlatforms) = preSolution
		Debug|Any CPU = Debug|Any CPU
		Release|Any CPU = Release|Any CPU
	EndGlobalSection
	GlobalSection(ProjectConfigurationPlatforms) = postSolution
		{17800F1F-8545-43B3-86BD-28D251D13FDA}.Debug|Any CPU.ActiveCfg = Debug|Any CPU
		{17800F1F-8545-43B3-86BD-28D251D13FDA}.Debug|Any CPU.Build.0 = Debug|Any CPU
		{17800F1F-8545-43B3-86BD-28D251D13FDA}.Release|Any CPU.ActiveCfg = Release|Any CPU
		{17800F1F-8545-43B3-86BD-28D251D13FDA}.Release|Any CPU.Build.0 = Release|Any CPU
	EndGlobalSection
	GlobalSection(SolutionProperties) = preSolution
		HideSolutionNode = FALSE
	EndGlobalSection
	GlobalSection(ExtensibilityGlobals) = postSolution
		SolutionGuid = {8CC53F30-4E67-488A-A083-9E5D13AB0899}
	EndGlobalSection
EndGlobal
